
Microsoft Visual Studio Solution File, Format Version 12.00
# Visual Studio Version 17
VisualStudioVersion = 17.14.36401.2
MinimumVisualStudioVersion = 10.0.40219.1
Project("{FAE04EC0-301F-11D3-BF4B-00C04F79EFBC}") = "WebshopTeam7", "WebshopTeam7.csproj", "{927CB6BC-739B-459D-819E-9D2B07125595}"
EndProject
Global
	GlobalSection(SolutionConfigurationPlatforms) = preSolution
		Debug|Any CPU = Debug|Any CPU
		Release|Any CPU = Release|Any CPU
	EndGlobalSection
	GlobalSection(ProjectConfigurationPlatforms) = postSolution
		{927CB6BC-739B-459D-819E-9D2B07125595}.Debug|Any CPU.ActiveCfg = Debug|Any CPU
		{927CB6BC-739B-459D-819E-9D2B07125595}.Debug|Any CPU.Build.0 = Debug|Any CPU
		{927CB6BC-739B-459D-819E-9D2B07125595}.Release|Any CPU.ActiveCfg = Release|Any CPU
		{927CB6BC-739B-459D-819E-9D2B07125595}.Release|Any CPU.Build.0 = Release|Any CPU
	EndGlobalSection
	GlobalSection(SolutionProperties) = preSolution
		HideSolutionNode = FALSE
	EndGlobalSection
	GlobalSection(ExtensibilityGlobals) = postSolution
		SolutionGuid = {54D870C2-1632-4FA9-ABBE-39FC0173E99E}
	EndGlobalSection
EndGlobal
